{
    "_readme": [
        "This file locks the dependencies of your project to a known state",
        "Read more about it at https://getcomposer.org/doc/01-basic-usage.md#installing-dependencies",
        "This file is @generated automatically"
    ],
    "content-hash": "15c1c4acc638226dbd25ed79d9fcf9e0",
    "packages": [
        {
            "name": "firebase/php-jwt",
            "version": "v5.2.0",
            "source": {
                "type": "git",
                "url": "https://github.com/firebase/php-jwt.git",
                "reference": "feb0e820b8436873675fd3aca04f3728eb2185cb"
            },
            "dist": {
                "type": "zip",
                "url": "https://api.github.com/repos/firebase/php-jwt/zipball/feb0e820b8436873675fd3aca04f3728eb2185cb",
                "reference": "feb0e820b8436873675fd3aca04f3728eb2185cb",
                "shasum": ""
            },
            "require": {
                "php": ">=5.3.0"
            },
            "require-dev": {
                "phpunit/phpunit": ">=4.8 <=9"
            },
            "type": "library",
            "autoload": {
                "psr-4": {
                    "Firebase\\JWT\\": "src"
                }
            },
            "notification-url": "https://packagist.org/downloads/",
            "license": [
                "BSD-3-Clause"
            ],
            "authors": [
                {
                    "name": "Neuman Vong",
                    "email": "neuman+pear@twilio.com",
                    "role": "Developer"
                },
                {
                    "name": "Anant Narayanan",
                    "email": "anant@php.net",
                    "role": "Developer"
                }
            ],
            "description": "A simple library to encode and decode JSON Web Tokens (JWT) in PHP. Should conform to the current spec.",
            "homepage": "https://github.com/firebase/php-jwt",
            "keywords": [
                "jwt",
                "php"
            ],
            "time": "2020-03-25T18:49:23+00:00"
        },
        {
            "name": "gigya/php-sdk",
            "version": "dev-master",
            "source": {
                "type": "git",
                "url": "https://github.com/SAP/gigya-php-sdk.git",
                "reference": "1e737cb5065136a3bab777317a28a2ac5c6e53da"
            },
            "dist": {
                "type": "zip",
                "url": "https://api.github.com/repos/SAP/gigya-php-sdk/zipball/1e737cb5065136a3bab777317a28a2ac5c6e53da",
                "reference": "1e737cb5065136a3bab777317a28a2ac5c6e53da",
                "shasum": ""
            },
            "require": {
                "ext-curl": "*",
                "ext-json": "*",
                "ext-openssl": "*",
                "firebase/php-jwt": "^5.0",
                "php": ">=7.0"
            },
            "require-dev": {
                "phpunit/phpunit": "^6.5"
            },
            "type": "library",
            "autoload": {
                "psr-4": {
                    "Gigya\\PHP\\": "src/"
                }
            },
            "autoload-dev": {
                "psr-4": {
                    "Gigya\\PHP\\Test\\": "tests/"
                }
            },
            "license": [
                "Apache-2.0"
            ],
            "description": "PHP SDK for Gigya",
            "support": {
                "source": "https://github.com/SAP/gigya-php-sdk/tree/master",
                "issues": "https://github.com/SAP/gigya-php-sdk/issues"
            },
            "time": "2020-07-02T11:33:12+00:00"
        }
    ],
    "packages-dev": [],
    "aliases": [],
    "minimum-stability": "stable",
    "stability-flags": {
        "gigya/php-sdk": 20
    },
    "prefer-stable": false,
    "prefer-lowest": false,
    "platform": {
        "ext-json": "*",
        "ext-openssl": "*"
    },
    "platform-dev": [],
    "plugin-api-version": "1.1.0"
}
